// !$*UTF8*$!
{
	archiveVersion = 1;
	classes = {
	};
	objectVersion = 50;
	objects = {

/* Begin PBXBuildFile section */
		958C650C4E0A74D232A6C8DC /* Pods_Todoey2.framework in Frameworks */ = {isa = PBXBuildFile; fileRef = 73AFE4A060C82F3F7203DC79 /* Pods_Todoey2.framework */; };
		AC639C3E2104758300AAA0AC /* Item.swift in Sources */ = {isa = PBXBuildFile; fileRef = AC639C3D2104758300AAA0AC /* Item.swift */; };
		AC639C402104758F00AAA0AC /* Category.swift in Sources */ = {isa = PBXBuildFile; fileRef = AC639C3F2104758F00AAA0AC /* Category.swift */; };
		AC69A84920ECE95400C9E909 /* AppDelegate.swift in Sources */ = {isa = PBXBuildFile; fileRef = AC69A84820ECE95400C9E909 /* AppDelegate.swift */; };
		AC69A84B20ECE95400C9E909 /* TodoListViewController.swift in Sources */ = {isa = PBXBuildFile; fileRef = AC69A84A20ECE95400C9E909 /* TodoListViewController.swift */; };
		AC69A84E20ECE95400C9E909 /* Main.storyboard in Resources */ = {isa = PBXBuildFile; fileRef = AC69A84C20ECE95400C9E909 /* Main.storyboard */; };
		AC69A85020ECE95600C9E909 /* Assets.xcassets in Resources */ = {isa = PBXBuildFile; fileRef = AC69A84F20ECE95600C9E909 /* Assets.xcassets */; };
		AC69A85320ECE95600C9E909 /* LaunchScreen.storyboard in Resources */ = {isa = PBXBuildFile; fileRef = AC69A85120ECE95600C9E909 /* LaunchScreen.storyboard */; };
		AC69A88520F28C7B00C9E909 /* CategoryViewController.swift in Sources */ = {isa = PBXBuildFile; fileRef = AC69A88420F28C7B00C9E909 /* CategoryViewController.swift */; };
/* End PBXBuildFile section */

/* Begin PBXFileReference section */
		556844F7C35886496106B77B /* Pods-Todoey2.release.xcconfig */ = {isa = PBXFileReference; includeInIndex = 1; lastKnownFileType = text.xcconfig; name = "Pods-Todoey2.release.xcconfig"; path = "Pods/Target Support Files/Pods-Todoey2/Pods-Todoey2.release.xcconfig"; sourceTree = "<group>"; };
		73AFE4A060C82F3F7203DC79 /* Pods_Todoey2.framework */ = {isa = PBXFileReference; explicitFileType = wrapper.framework; includeInIndex = 0; path = Pods_Todoey2.framework; sourceTree = BUILT_PRODUCTS_DIR; };
		91CAFD4B2BF54B74D1F3AB20 /* Pods-Todoey2.debug.xcconfig */ = {isa = PBXFileReference; includeInIndex = 1; lastKnownFileType = text.xcconfig; name = "Pods-Todoey2.debug.xcconfig"; path = "Pods/Target Support Files/Pods-Todoey2/Pods-Todoey2.debug.xcconfig"; sourceTree = "<group>"; };
		AC639C3D2104758300AAA0AC /* Item.swift */ = {isa = PBXFileReference; lastKnownFileType = sourcecode.swift; path = Item.swift; sourceTree = "<group>"; };
		AC639C3F2104758F00AAA0AC /* Category.swift */ = {isa = PBXFileReference; lastKnownFileType = sourcecode.swift; path = Category.swift; sourceTree = "<group>"; };
		AC69A84520ECE95400C9E909 /* Todoey2.app */ = {isa = PBXFileReference; explicitFileType = wrapper.application; includeInIndex = 0; path = Todoey2.app; sourceTree = BUILT_PRODUCTS_DIR; };
		AC69A84820ECE95400C9E909 /* AppDelegate.swift */ = {isa = PBXFileReference; lastKnownFileType = sourcecode.swift; path = AppDelegate.swift; sourceTree = "<group>"; };
		AC69A84A20ECE95400C9E909 /* TodoListViewController.swift */ = {isa = PBXFileReference; lastKnownFileType = sourcecode.swift; path = TodoListViewController.swift; sourceTree = "<group>"; };
		AC69A84D20ECE95400C9E909 /* Base */ = {isa = PBXFileReference; lastKnownFileType = file.storyboard; name = Base; path = Base.lproj/Main.storyboard; sourceTree = "<group>"; };
		AC69A84F20ECE95600C9E909 /* Assets.xcassets */ = {isa = PBXFileReference; lastKnownFileType = folder.assetcatalog; path = Assets.xcassets; sourceTree = "<group>"; };
		AC69A85220ECE95600C9E909 /* Base */ = {isa = PBXFileReference; lastKnownFileType = file.storyboard; name = Base; path = Base.lproj/LaunchScreen.storyboard; sourceTree = "<group>"; };
		AC69A85420ECE95600C9E909 /* Info.plist */ = {isa = PBXFileReference; lastKnownFileType = text.plist.xml; path = Info.plist; sourceTree = "<group>"; };
		AC69A88420F28C7B00C9E909 /* CategoryViewController.swift */ = {isa = PBXFileReference; lastKnownFileType = sourcecode.swift; path = CategoryViewController.swift; sourceTree = "<group>"; };
/* End PBXFileReference section */

/* Begin PBXFrameworksBuildPhase section */
		AC69A84220ECE95400C9E909 /* Frameworks */ = {
			isa = PBXFrameworksBuildPhase;
			buildActionMask = 2147483647;
			files = (
				958C650C4E0A74D232A6C8DC /* Pods_Todoey2.framework in Frameworks */,
			);
			runOnlyForDeploymentPostprocessing = 0;
		};
/* End PBXFrameworksBuildPhase section */

/* Begin PBXGroup section */
		0F536F6E7B0BAD68DF6534B0 /* Frameworks */ = {
			isa = PBXGroup;
			children = (
				73AFE4A060C82F3F7203DC79 /* Pods_Todoey2.framework */,
			);
			name = Frameworks;
			sourceTree = "<group>";
		};
		A8E34C6608025704B96770D0 /* Pods */ = {
			isa = PBXGroup;
			children = (
				91CAFD4B2BF54B74D1F3AB20 /* Pods-Todoey2.debug.xcconfig */,
				556844F7C35886496106B77B /* Pods-Todoey2.release.xcconfig */,
			);
			name = Pods;
			sourceTree = "<group>";
		};
		AC69A83C20ECE95400C9E909 = {
			isa = PBXGroup;
			children = (
				AC69A84720ECE95400C9E909 /* Todoey2 */,
				AC69A84620ECE95400C9E909 /* Products */,
				A8E34C6608025704B96770D0 /* Pods */,
				0F536F6E7B0BAD68DF6534B0 /* Frameworks */,
			);
			sourceTree = "<group>";
		};
		AC69A84620ECE95400C9E909 /* Products */ = {
			isa = PBXGroup;
			children = (
				AC69A84520ECE95400C9E909 /* Todoey2.app */,
			);
			name = Products;
			sourceTree = "<group>";
		};
		AC69A84720ECE95400C9E909 /* Todoey2 */ = {
			isa = PBXGroup;
			children = (
				AC69A84820ECE95400C9E909 /* AppDelegate.swift */,
				AC69A85D20EE417600C9E909 /* Controllers */,
				AC69A85C20EE415E00C9E909 /* Data Model */,
				AC69A85E20EE418700C9E909 /* Views */,
				AC69A85F20EE419900C9E909 /* Supporting files */,
				AC69A85420ECE95600C9E909 /* Info.plist */,
			);
			path = Todoey2;
			sourceTree = "<group>";
		};
		AC69A85C20EE415E00C9E909 /* Data Model */ = {
			isa = PBXGroup;
			children = (
				AC639C3F2104758F00AAA0AC /* Category.swift */,
				AC639C3D2104758300AAA0AC /* Item.swift */,
			);
			path = "Data Model";
			sourceTree = "<group>";
		};
		AC69A85D20EE417600C9E909 /* Controllers */ = {
			isa = PBXGroup;
			children = (
				AC69A88420F28C7B00C9E909 /* CategoryViewController.swift */,
				AC69A84A20ECE95400C9E909 /* TodoListViewController.swift */,
			);
			path = Controllers;
			sourceTree = "<group>";
		};
		AC69A85E20EE418700C9E909 /* Views */ = {
			isa = PBXGroup;
			children = (
				AC69A84C20ECE95400C9E909 /* Main.storyboard */,
			);
			path = Views;
			sourceTree = "<group>";
		};
		AC69A85F20EE419900C9E909 /* Supporting files */ = {
			isa = PBXGroup;
			children = (
				AC69A84F20ECE95600C9E909 /* Assets.xcassets */,
				AC69A85120ECE95600C9E909 /* LaunchScreen.storyboard */,
			);
			path = "Supporting files";
			sourceTree = "<group>";
		};
/* End PBXGroup section */

/* Begin PBXNativeTarget section */
		AC69A84420ECE95400C9E909 /* Todoey2 */ = {
			isa = PBXNativeTarget;
			buildConfigurationList = AC69A85720ECE95600C9E909 /* Build configuration list for PBXNativeTarget "Todoey2" */;
			buildPhases = (
				37CA2785A7C68CF64EE697E2 /* [CP] Check Pods Manifest.lock */,
				AC69A84120ECE95400C9E909 /* Sources */,
				AC69A84220ECE95400C9E909 /* Frameworks */,
				AC69A84320ECE95400C9E909 /* Resources */,
				D7F505F4D2A4A83A6B82984A /* [CP] Embed Pods Frameworks */,
			);
			buildRules = (
			);
			dependencies = (
			);
			name = Todoey2;
			productName = Todoey2;
			productReference = AC69A84520ECE95400C9E909 /* Todoey2.app */;
			productType = "com.apple.product-type.application";
		};
/* End PBXNativeTarget section */

/* Begin PBXProject section */
		AC69A83D20ECE95400C9E909 /* Project object */ = {
			isa = PBXProject;
			attributes = {
				LastSwiftUpdateCheck = 0940;
				LastUpgradeCheck = 0940;
				ORGANIZATIONNAME = "Saurav Gupta";
				TargetAttributes = {
					AC69A84420ECE95400C9E909 = {
						CreatedOnToolsVersion = 9.4.1;
					};
				};
			};
			buildConfigurationList = AC69A84020ECE95400C9E909 /* Build configuration list for PBXProject "Todoey2" */;
			compatibilityVersion = "Xcode 9.3";
			developmentRegion = en;
			hasScannedForEncodings = 0;
			knownRegions = (
				en,
				Base,
			);
			mainGroup = AC69A83C20ECE95400C9E909;
			productRefGroup = AC69A84620ECE95400C9E909 /* Products */;
			projectDirPath = "";
			projectRoot = "";
			targets = (
				AC69A84420ECE95400C9E909 /* Todoey2 */,
			);
		};
/* End PBXProject section */

/* Begin PBXResourcesBuildPhase section */
		AC69A84320ECE95400C9E909 /* Resources */ = {
			isa = PBXResourcesBuildPhase;
			buildActionMask = 2147483647;
			files = (
				AC69A85320ECE95600C9E909 /* LaunchScreen.storyboard in Resources */,
				AC69A85020ECE95600C9E909 /* Assets.xcassets in Resources */,
				AC69A84E20ECE95400C9E909 /* Main.storyboard in Resources */,
			);
			runOnlyForDeploymentPostprocessing = 0;
		};
/* End PBXResourcesBuildPhase section */

/* Begin PBXShellScriptBuildPhase section */
		37CA2785A7C68CF64EE697E2 /* [CP] Check Pods Manifest.lock */ = {
			isa = PBXShellScriptBuildPhase;
			buildActionMask = 2147483647;
			files = (
			);
			inputPaths = (
				"${PODS_PODFILE_DIR_PATH}/Podfile.lock",
				"${PODS_ROOT}/Manifest.lock",
			);
			name = "[CP] Check Pods Manifest.lock";
			outputPaths = (
				"$(DERIVED_FILE_DIR)/Pods-Todoey2-checkManifestLockResult.txt",
			);
			runOnlyForDeploymentPostprocessing = 0;
			shellPath = /bin/sh;
			shellScript = "diff \"${PODS_PODFILE_DIR_PATH}/Podfile.lock\" \"${PODS_ROOT}/Manifest.lock\" > /dev/null\nif [ $? != 0 ] ; then\n    # print error to STDERR\n    echo \"error: The sandbox is not in sync with the Podfile.lock. Run 'pod install' or update your CocoaPods installation.\" >&2\n    exit 1\nfi\n# This output is used by Xcode 'outputs' to avoid re-running this script phase.\necho \"SUCCESS\" > \"${SCRIPT_OUTPUT_FILE_0}\"\n";
			showEnvVarsInLog = 0;
		};
		D7F505F4D2A4A83A6B82984A /* [CP] Embed Pods Frameworks */ = {
			isa = PBXShellScriptBuildPhase;
			buildActionMask = 2147483647;
			files = (
			);
			inputPaths = (
				"${SRCROOT}/Pods/Target Support Files/Pods-Todoey2/Pods-Todoey2-frameworks.sh",
				"${BUILT_PRODUCTS_DIR}/Realm/Realm.framework",
				"${BUILT_PRODUCTS_DIR}/RealmSwift/RealmSwift.framework",
			);
			name = "[CP] Embed Pods Frameworks";
			outputPaths = (
				"${TARGET_BUILD_DIR}/${FRAMEWORKS_FOLDER_PATH}/Realm.framework",
				"${TARGET_BUILD_DIR}/${FRAMEWORKS_FOLDER_PATH}/RealmSwift.framework",
			);
			runOnlyForDeploymentPostprocessing = 0;
			shellPath = /bin/sh;
			shellScript = "\"${SRCROOT}/Pods/Target Support Files/Pods-Todoey2/Pods-Todoey2-frameworks.sh\"\n";
			showEnvVarsInLog = 0;
		};
/* End PBXShellScriptBuildPhase section */

/* Begin PBXSourcesBuildPhase section */
		AC69A84120ECE95400C9E909 /* Sources */ = {
			isa = PBXSourcesBuildPhase;
			buildActionMask = 2147483647;
			files = (
				AC639C3E2104758300AAA0AC /* Item.swift in Sources */,
				AC69A88520F28C7B00C9E909 /* CategoryViewController.swift in Sources */,
				AC69A84B20ECE95400C9E909 /* TodoListViewController.swift in Sources */,
				AC69A84920ECE95400C9E909 /* AppDelegate.swift in Sources */,
				AC639C402104758F00AAA0AC /* Category.swift in Sources */,
			);
			runOnlyForDeploymentPostprocessing = 0;
		};
/* End PBXSourcesBuildPhase section */

/* Begin PBXVariantGroup section */
		AC69A84C20ECE95400C9E909 /* Main.storyboard */ = {
			isa = PBXVariantGroup;
			children = (
				AC69A84D20ECE95400C9E909 /* Base */,
			);
			name = Main.storyboard;
			sourceTree = "<group>";
		};
		AC69A85120ECE95600C9E909 /* LaunchScreen.storyboard */ = {
			isa = PBXVariantGroup;
			children = (
				AC69A85220ECE95600C9E909 /* Base */,
			);
			name = LaunchScreen.storyboard;
			sourceTree = "<group>";
		};
/* End PBXVariantGroup section */

/* Begin XCBuildConfiguration section */
		AC69A85520ECE95600C9E909 /* Debug */ = {
			isa = XCBuildConfiguration;
			buildSettings = {
				ALWAYS_SEARCH_USER_PATHS = NO;
				CLANG_ANALYZER_NONNULL = YES;
				CLANG_ANALYZER_NUMBER_OBJECT_CONVERSION = YES_AGGRESSIVE;
				CLANG_CXX_LANGUAGE_STANDARD = "gnu++14";
				CLANG_CXX_LIBRARY = "libc++";
				CLANG_ENABLE_MODULES = YES;
				CLANG_ENABLE_OBJC_ARC = YES;
				CLANG_ENABLE_OBJC_WEAK = YES;
				CLANG_WARN_BLOCK_CAPTURE_AUTORELEASING = YES;
				CLANG_WARN_BOOL_CONVERSION = YES;
				CLANG_WARN_COMMA = YES;
				CLANG_WARN_CONSTANT_CONVERSION = YES;
				CLANG_WARN_DEPRECATED_OBJC_IMPLEMENTATIONS = YES;
				CLANG_WARN_DIRECT_OBJC_ISA_USAGE = YES_ERROR;
				CLANG_WARN_DOCUMENTATION_COMMENTS = YES;
				CLANG_WARN_EMPTY_BODY = YES;
				CLANG_WARN_ENUM_CONVERSION = YES;
				CLANG_WARN_INFINITE_RECURSION = YES;
				CLANG_WARN_INT_CONVERSION = YES;
				CLANG_WARN_NON_LITERAL_NULL_CONVERSION = YES;
				CLANG_WARN_OBJC_IMPLICIT_RETAIN_SELF = YES;
				CLANG_WARN_OBJC_LITERAL_CONVERSION = YES;
				CLANG_WARN_OBJC_ROOT_CLASS = YES_ERROR;
				CLANG_WARN_RANGE_LOOP_ANALYSIS = YES;
				CLANG_WARN_STRICT_PROTOTYPES = YES;
				CLANG_WARN_SUSPICIOUS_MOVE = YES;
				CLANG_WARN_UNGUARDED_AVAILABILITY = YES_AGGRESSIVE;
				CLANG_WARN_UNREACHABLE_CODE = YES;
				CLANG_WARN__DUPLICATE_METHOD_MATCH = YES;
				CODE_SIGN_IDENTITY = "iPhone Developer";
				COPY_PHASE_STRIP = NO;
				DEBUG_INFORMATION_FORMAT = dwarf;
				ENABLE_STRICT_OBJC_MSGSEND = YES;
				ENABLE_TESTABILITY = YES;
				GCC_C_LANGUAGE_STANDARD = gnu11;
				GCC_DYNAMIC_NO_PIC = NO;
				GCC_NO_COMMON_BLOCKS = YES;
				GCC_OPTIMIZATION_LEVEL = 0;
				GCC_PREPROCESSOR_DEFINITIONS = (
					"DEBUG=1",
					"$(inherited)",
				);
				GCC_WARN_64_TO_32_BIT_CONVERSION = YES;
				GCC_WARN_ABOUT_RETURN_TYPE = YES_ERROR;
				GCC_WARN_UNDECLARED_SELECTOR = YES;
				GCC_WARN_UNINITIALIZED_AUTOS = YES_AGGRESSIVE;
				GCC_WARN_UNUSED_FUNCTION = YES;
				GCC_WARN_UNUSED_VARIABLE = YES;
				IPHONEOS_DEPLOYMENT_TARGET = 11.4;
				MTL_ENABLE_DEBUG_INFO = YES;
				ONLY_ACTIVE_ARCH = YES;
				SDKROOT = iphoneos;
				SWIFT_ACTIVE_COMPILATION_CONDITIONS = DEBUG;
				SWIFT_OPTIMIZATION_LEVEL = "-Onone";
			};
			name = Debug;
		};
		AC69A85620ECE95600C9E909 /* Release */ = {
			isa = XCBuildConfiguration;
			buildSettings = {
				ALWAYS_SEARCH_USER_PATHS = NO;
				CLANG_ANALYZER_NONNULL = YES;
				CLANG_ANALYZER_NUMBER_OBJECT_CONVERSION = YES_AGGRESSIVE;
				CLANG_CXX_LANGUAGE_STANDARD = "gnu++14";
				CLANG_CXX_LIBRARY = "libc++";
				CLANG_ENABLE_MODULES = YES;
				CLANG_ENABLE_OBJC_ARC = YES;
				CLANG_ENABLE_OBJC_WEAK = YES;
				CLANG_WARN_BLOCK_CAPTURE_AUTORELEASING = YES;
				CLANG_WARN_BOOL_CONVERSION = YES;
				CLANG_WARN_COMMA = YES;
				CLANG_WARN_CONSTANT_CONVERSION = YES;
				CLANG_WARN_DEPRECATED_OBJC_IMPLEMENTATIONS = YES;
				CLANG_WARN_DIRECT_OBJC_ISA_USAGE = YES_ERROR;
				CLANG_WARN_DOCUMENTATION_COMMENTS = YES;
				CLANG_WARN_EMPTY_BODY = YES;
				CLANG_WARN_ENUM_CONVERSION = YES;
				CLANG_WARN_INFINITE_RECURSION = YES;
				CLANG_WARN_INT_CONVERSION = YES;
				CLANG_WARN_NON_LITERAL_NULL_CONVERSION = YES;
				CLANG_WARN_OBJC_IMPLICIT_RETAIN_SELF = YES;
				CLANG_WARN_OBJC_LITERAL_CONVERSION = YES;
				CLANG_WARN_OBJC_ROOT_CLASS = YES_ERROR;
				CLANG_WARN_RANGE_LOOP_ANALYSIS = YES;
				CLANG_WARN_STRICT_PROTOTYPES = YES;
				CLANG_WARN_SUSPICIOUS_MOVE = YES;
				CLANG_WARN_UNGUARDED_AVAILABILITY = YES_AGGRESSIVE;
				CLANG_WARN_UNREACHABLE_CODE = YES;
				CLANG_WARN__DUPLICATE_METHOD_MATCH = YES;
				CODE_SIGN_IDENTITY = "iPhone Developer";
				COPY_PHASE_STRIP = NO;
				DEBUG_INFORMATION_FORMAT = "dwarf-with-dsym";
				ENABLE_NS_ASSERTIONS = NO;
				ENABLE_STRICT_OBJC_MSGSEND = YES;
				GCC_C_LANGUAGE_STANDARD = gnu11;
				GCC_NO_COMMON_BLOCKS = YES;
				GCC_WARN_64_TO_32_BIT_CONVERSION = YES;
				GCC_WARN_ABOUT_RETURN_TYPE = YES_ERROR;
				GCC_WARN_UNDECLARED_SELECTOR = YES;
				GCC_WARN_UNINITIALIZED_AUTOS = YES_AGGRESSIVE;
				GCC_WARN_UNUSED_FUNCTION = YES;
				GCC_WARN_UNUSED_VARIABLE = YES;
				IPHONEOS_DEPLOYMENT_TARGET = 11.4;
				MTL_ENABLE_DEBUG_INFO = NO;
				SDKROOT = iphoneos;
				SWIFT_COMPILATION_MODE = wholemodule;
				SWIFT_OPTIMIZATION_LEVEL = "-O";
				VALIDATE_PRODUCT = YES;
			};
			name = Release;
		};
		AC69A85820ECE95600C9E909 /* Debug */ = {
			isa = XCBuildConfiguration;
			baseConfigurationReference = 91CAFD4B2BF54B74D1F3AB20 /* Pods-Todoey2.debug.xcconfig */;
			buildSettings = {
				ASSETCATALOG_COMPILER_APPICON_NAME = AppIcon;
				CODE_SIGN_STYLE = Automatic;
				DEVELOPMENT_TEAM = Q3F7H3J7A8;
				INFOPLIST_FILE = Todoey2/Info.plist;
				LD_RUNPATH_SEARCH_PATHS = (
					"$(inherited)",
					"@executable_path/Frameworks",
				);
				PRODUCT_BUNDLE_IDENTIFIER = com.SGDev.Todoey2;
				PRODUCT_NAME = "$(TARGET_NAME)";
				SWIFT_VERSION = 4.0;
				TARGETED_DEVICE_FAMILY = "1,2";
			};
			name = Debug;
		};
		AC69A85920ECE95600C9E909 /* Release */ = {
			isa = XCBuildConfiguration;
			baseConfigurationReference = 556844F7C35886496106B77B /* Pods-Todoey2.release.xcconfig */;
			buildSettings = {
				ASSETCATALOG_COMPILER_APPICON_NAME = AppIcon;
				CODE_SIGN_STYLE = Automatic;
				DEVELOPMENT_TEAM = Q3F7H3J7A8;
				INFOPLIST_FILE = Todoey2/Info.plist;
				LD_RUNPATH_SEARCH_PATHS = (
					"$(inherited)",
					"@executable_path/Frameworks",
				);
				PRODUCT_BUNDLE_IDENTIFIER = com.SGDev.Todoey2;
				PRODUCT_NAME = "$(TARGET_NAME)";
				SWIFT_VERSION = 4.0;
				TARGETED_DEVICE_FAMILY = "1,2";
			};
			name = Release;
		};
/* End XCBuildConfiguration section */

/* Begin XCConfigurationList section */
		AC69A84020ECE95400C9E909 /* Build configuration list for PBXProject "Todoey2" */ = {
			isa = XCConfigurationList;
			buildConfigurations = (
				AC69A85520ECE95600C9E909 /* Debug */,
				AC69A85620ECE95600C9E909 /* Release */,
			);
			defaultConfigurationIsVisible = 0;
			defaultConfigurationName = Release;
		};
		AC69A85720ECE95600C9E909 /* Build configuration list for PBXNativeTarget "Todoey2" */ = {
			isa = XCConfigurationList;
			buildConfigurations = (
				AC69A85820ECE95600C9E909 /* Debug */,
				AC69A85920ECE95600C9E909 /* Release */,
			);
			defaultConfigurationIsVisible = 0;
			defaultConfigurationName = Release;
		};
/* End XCConfigurationList section */
	};
	rootObject = AC69A83D20ECE95400C9E909 /* Project object */;
}
